
Microsoft Visual Studio Solution File, Format Version 12.00
# Visual Studio Version 17
VisualStudioVersion = 17.14.36616.10 d17.14
MinimumVisualStudioVersion = 10.0.40219.1
Project("{FAE04EC0-301F-11D3-BF4B-00C04F79EFBC}") = "AgriCare", "AgriCare\AgriCare.csproj", "{E5E37F80-46EA-4A96-A7E3-5B3227C00EC3}"
EndProject
Global
	GlobalSection(SolutionConfigurationPlatforms) = preSolution
		Debug|Any CPU = Debug|Any CPU
		Release|Any CPU = Release|Any CPU
	EndGlobalSection
	GlobalSection(ProjectConfigurationPlatforms) = postSolution
		{E5E37F80-46EA-4A96-A7E3-5B3227C00EC3}.Debug|Any CPU.ActiveCfg = Debug|Any CPU
		{E5E37F80-46EA-4A96-A7E3-5B3227C00EC3}.Debug|Any CPU.Build.0 = Debug|Any CPU
		{E5E37F80-46EA-4A96-A7E3-5B3227C00EC3}.Release|Any CPU.ActiveCfg = Release|Any CPU
		{E5E37F80-46EA-4A96-A7E3-5B3227C00EC3}.Release|Any CPU.Build.0 = Release|Any CPU
	EndGlobalSection
	GlobalSection(SolutionProperties) = preSolution
		HideSolutionNode = FALSE
	EndGlobalSection
	GlobalSection(ExtensibilityGlobals) = postSolution
		SolutionGuid = {AE897FB1-EC3F-4A81-80E7-0C0807AED629}
	EndGlobalSection
EndGlobal
